// !$*UTF8*$!
{
	archiveVersion = 1;
	classes = {
	};
	objectVersion = 50;
	objects = {

/* Begin PBXBuildFile section */
		01306B21340E48F2BE657BCF /* Pods_BandBPoolsTests.framework in Frameworks */ = {isa = PBXBuildFile; fileRef = 8FB754C51779C757A2D254E7 /* Pods_BandBPoolsTests.framework */; };
		0F0B307D210C16B100F59639 /* AppDelegate.swift in Sources */ = {isa = PBXBuildFile; fileRef = 0F0B307C210C16B100F59639 /* AppDelegate.swift */; };
		0F0B307F210C16B100F59639 /* ViewController.swift in Sources */ = {isa = PBXBuildFile; fileRef = 0F0B307E210C16B100F59639 /* ViewController.swift */; };
		0F0B3082210C16B100F59639 /* Main.storyboard in Resources */ = {isa = PBXBuildFile; fileRef = 0F0B3080210C16B100F59639 /* Main.storyboard */; };
		0F0B3084210C16B200F59639 /* Assets.xcassets in Resources */ = {isa = PBXBuildFile; fileRef = 0F0B3083210C16B200F59639 /* Assets.xcassets */; };
		0F0B3087210C16B200F59639 /* LaunchScreen.storyboard in Resources */ = {isa = PBXBuildFile; fileRef = 0F0B3085210C16B200F59639 /* LaunchScreen.storyboard */; };
		0F0B3092210C16B200F59639 /* BandBPoolsTests.swift in Sources */ = {isa = PBXBuildFile; fileRef = 0F0B3091210C16B200F59639 /* BandBPoolsTests.swift */; };
		0F0B30A2210C2B3600F59639 /* MenuVC.swift in Sources */ = {isa = PBXBuildFile; fileRef = 0F0B30A1210C2B3600F59639 /* MenuVC.swift */; };
		0F35F516210E4BA5006C796F /* MessageView.swift in Sources */ = {isa = PBXBuildFile; fileRef = 0F35F515210E4BA5006C796F /* MessageView.swift */; };
		0F35F518210E57A9006C796F /* MainMenuCVVC.swift in Sources */ = {isa = PBXBuildFile; fileRef = 0F35F517210E57A9006C796F /* MainMenuCVVC.swift */; };
		0F4503C5210C2D5500BF296F /* DesignableTextViews.swift in Sources */ = {isa = PBXBuildFile; fileRef = 0F4503BF210C2D5500BF296F /* DesignableTextViews.swift */; };
		0F4503C6210C2D5500BF296F /* DesignableLabels.swift in Sources */ = {isa = PBXBuildFile; fileRef = 0F4503C0210C2D5500BF296F /* DesignableLabels.swift */; };
		0F4503C7210C2D5500BF296F /* MaterialView.swift in Sources */ = {isa = PBXBuildFile; fileRef = 0F4503C1210C2D5500BF296F /* MaterialView.swift */; };
		0F4503C8210C2D5500BF296F /* DesignableButtons.swift in Sources */ = {isa = PBXBuildFile; fileRef = 0F4503C2210C2D5500BF296F /* DesignableButtons.swift */; };
		0F4503C9210C2D5500BF296F /* DesignableImageViews.swift in Sources */ = {isa = PBXBuildFile; fileRef = 0F4503C3210C2D5500BF296F /* DesignableImageViews.swift */; };
		0F4503CA210C2D5500BF296F /* DropShadow.swift in Sources */ = {isa = PBXBuildFile; fileRef = 0F4503C4210C2D5500BF296F /* DropShadow.swift */; };
		0F4503CD210D324900BF296F /* BorderedTextViews.swift in Sources */ = {isa = PBXBuildFile; fileRef = 0F4503CC210D324900BF296F /* BorderedTextViews.swift */; };
		0F4503CF210D446600BF296F /* GoogleService-Info.plist in Resources */ = {isa = PBXBuildFile; fileRef = 0F4503CE210D446600BF296F /* GoogleService-Info.plist */; };
		0FB39387210D928C00A912DB /* Default-568h@2x.png in Resources */ = {isa = PBXBuildFile; fileRef = 0FB39386210D928C00A912DB /* Default-568h@2x.png */; };
		ED587F2F554A8B92947E2883 /* Pods_BandBPools.framework in Frameworks */ = {isa = PBXBuildFile; fileRef = 3E6110D7CCA4D4AE2DEEBA32 /* Pods_BandBPools.framework */; };
/* End PBXBuildFile section */

/* Begin PBXContainerItemProxy section */
		0F0B308E210C16B200F59639 /* PBXContainerItemProxy */ = {
			isa = PBXContainerItemProxy;
			containerPortal = 0F0B3071210C16B100F59639 /* Project object */;
			proxyType = 1;
			remoteGlobalIDString = 0F0B3078210C16B100F59639;
			remoteInfo = BandBPools;
		};
/* End PBXContainerItemProxy section */

/* Begin PBXFileReference section */
		0F0B3079210C16B100F59639 /* BandBPools.app */ = {isa = PBXFileReference; explicitFileType = wrapper.application; includeInIndex = 0; path = BandBPools.app; sourceTree = BUILT_PRODUCTS_DIR; };
		0F0B307C210C16B100F59639 /* AppDelegate.swift */ = {isa = PBXFileReference; lastKnownFileType = sourcecode.swift; path = AppDelegate.swift; sourceTree = "<group>"; };
		0F0B307E210C16B100F59639 /* ViewController.swift */ = {isa = PBXFileReference; lastKnownFileType = sourcecode.swift; path = ViewController.swift; sourceTree = "<group>"; };
		0F0B3081210C16B100F59639 /* Base */ = {isa = PBXFileReference; lastKnownFileType = file.storyboard; name = Base; path = Base.lproj/Main.storyboard; sourceTree = "<group>"; };
		0F0B3083210C16B200F59639 /* Assets.xcassets */ = {isa = PBXFileReference; lastKnownFileType = folder.assetcatalog; path = Assets.xcassets; sourceTree = "<group>"; };
		0F0B3086210C16B200F59639 /* Base */ = {isa = PBXFileReference; lastKnownFileType = file.storyboard; name = Base; path = Base.lproj/LaunchScreen.storyboard; sourceTree = "<group>"; };
		0F0B3088210C16B200F59639 /* Info.plist */ = {isa = PBXFileReference; lastKnownFileType = text.plist.xml; path = Info.plist; sourceTree = "<group>"; };
		0F0B308D210C16B200F59639 /* BandBPoolsTests.xctest */ = {isa = PBXFileReference; explicitFileType = wrapper.cfbundle; includeInIndex = 0; path = BandBPoolsTests.xctest; sourceTree = BUILT_PRODUCTS_DIR; };
		0F0B3091210C16B200F59639 /* BandBPoolsTests.swift */ = {isa = PBXFileReference; lastKnownFileType = sourcecode.swift; path = BandBPoolsTests.swift; sourceTree = "<group>"; };
		0F0B3093210C16B200F59639 /* Info.plist */ = {isa = PBXFileReference; lastKnownFileType = text.plist.xml; path = Info.plist; sourceTree = "<group>"; };
		0F0B30A1210C2B3600F59639 /* MenuVC.swift */ = {isa = PBXFileReference; lastKnownFileType = sourcecode.swift; path = MenuVC.swift; sourceTree = "<group>"; };
		0F35F515210E4BA5006C796F /* MessageView.swift */ = {isa = PBXFileReference; lastKnownFileType = sourcecode.swift; path = MessageView.swift; sourceTree = "<group>"; };
		0F35F517210E57A9006C796F /* MainMenuCVVC.swift */ = {isa = PBXFileReference; lastKnownFileType = sourcecode.swift; path = MainMenuCVVC.swift; sourceTree = "<group>"; };
		0F4503BF210C2D5500BF296F /* DesignableTextViews.swift */ = {isa = PBXFileReference; fileEncoding = 4; lastKnownFileType = sourcecode.swift; path = DesignableTextViews.swift; sourceTree = "<group>"; };
		0F4503C0210C2D5500BF296F /* DesignableLabels.swift */ = {isa = PBXFileReference; fileEncoding = 4; lastKnownFileType = sourcecode.swift; path = DesignableLabels.swift; sourceTree = "<group>"; };
		0F4503C1210C2D5500BF296F /* MaterialView.swift */ = {isa = PBXFileReference; fileEncoding = 4; lastKnownFileType = sourcecode.swift; path = MaterialView.swift; sourceTree = "<group>"; };
		0F4503C2210C2D5500BF296F /* DesignableButtons.swift */ = {isa = PBXFileReference; fileEncoding = 4; lastKnownFileType = sourcecode.swift; path = DesignableButtons.swift; sourceTree = "<group>"; };
		0F4503C3210C2D5500BF296F /* DesignableImageViews.swift */ = {isa = PBXFileReference; fileEncoding = 4; lastKnownFileType = sourcecode.swift; path = DesignableImageViews.swift; sourceTree = "<group>"; };
		0F4503C4210C2D5500BF296F /* DropShadow.swift */ = {isa = PBXFileReference; fileEncoding = 4; lastKnownFileType = sourcecode.swift; path = DropShadow.swift; sourceTree = "<group>"; };
		0F4503CC210D324900BF296F /* BorderedTextViews.swift */ = {isa = PBXFileReference; fileEncoding = 4; lastKnownFileType = sourcecode.swift; path = BorderedTextViews.swift; sourceTree = "<group>"; };
		0F4503CE210D446600BF296F /* GoogleService-Info.plist */ = {isa = PBXFileReference; fileEncoding = 4; lastKnownFileType = text.plist.xml; path = "GoogleService-Info.plist"; sourceTree = "<group>"; };
		0FB39386210D928C00A912DB /* Default-568h@2x.png */ = {isa = PBXFileReference; lastKnownFileType = image.png; path = "Default-568h@2x.png"; sourceTree = "<group>"; };
		22B32BB9345BE65D29C9611E /* Pods-BandBPoolsTests.debug.xcconfig */ = {isa = PBXFileReference; includeInIndex = 1; lastKnownFileType = text.xcconfig; name = "Pods-BandBPoolsTests.debug.xcconfig"; path = "Pods/Target Support Files/Pods-BandBPoolsTests/Pods-BandBPoolsTests.debug.xcconfig"; sourceTree = "<group>"; };
		3E6110D7CCA4D4AE2DEEBA32 /* Pods_BandBPools.framework */ = {isa = PBXFileReference; explicitFileType = wrapper.framework; includeInIndex = 0; path = Pods_BandBPools.framework; sourceTree = BUILT_PRODUCTS_DIR; };
		506C6F2EC9E6FE45CF77C395 /* Pods-BandBPoolsTests.release.xcconfig */ = {isa = PBXFileReference; includeInIndex = 1; lastKnownFileType = text.xcconfig; name = "Pods-BandBPoolsTests.release.xcconfig"; path = "Pods/Target Support Files/Pods-BandBPoolsTests/Pods-BandBPoolsTests.release.xcconfig"; sourceTree = "<group>"; };
		809CD637D40DB5B4667D7E74 /* Pods-BandBPools.release.xcconfig */ = {isa = PBXFileReference; includeInIndex = 1; lastKnownFileType = text.xcconfig; name = "Pods-BandBPools.release.xcconfig"; path = "Pods/Target Support Files/Pods-BandBPools/Pods-BandBPools.release.xcconfig"; sourceTree = "<group>"; };
		8E0EF010579F4223CD41EDCF /* Pods-BandBPools.debug.xcconfig */ = {isa = PBXFileReference; includeInIndex = 1; lastKnownFileType = text.xcconfig; name = "Pods-BandBPools.debug.xcconfig"; path = "Pods/Target Support Files/Pods-BandBPools/Pods-BandBPools.debug.xcconfig"; sourceTree = "<group>"; };
		8FB754C51779C757A2D254E7 /* Pods_BandBPoolsTests.framework */ = {isa = PBXFileReference; explicitFileType = wrapper.framework; includeInIndex = 0; path = Pods_BandBPoolsTests.framework; sourceTree = BUILT_PRODUCTS_DIR; };
/* End PBXFileReference section */

/* Begin PBXFrameworksBuildPhase section */
		0F0B3076210C16B100F59639 /* Frameworks */ = {
			isa = PBXFrameworksBuildPhase;
			buildActionMask = 2147483647;
			files = (
				ED587F2F554A8B92947E2883 /* Pods_BandBPools.framework in Frameworks */,
			);
			runOnlyForDeploymentPostprocessing = 0;
		};
		0F0B308A210C16B200F59639 /* Frameworks */ = {
			isa = PBXFrameworksBuildPhase;
			buildActionMask = 2147483647;
			files = (
				01306B21340E48F2BE657BCF /* Pods_BandBPoolsTests.framework in Frameworks */,
			);
			runOnlyForDeploymentPostprocessing = 0;
		};
/* End PBXFrameworksBuildPhase section */

/* Begin PBXGroup section */
		0F0B3070210C16B100F59639 = {
			isa = PBXGroup;
			children = (
				0FB39386210D928C00A912DB /* Default-568h@2x.png */,
				0F0B307B210C16B100F59639 /* BandBPools */,
				0F0B3090210C16B200F59639 /* BandBPoolsTests */,
				0F0B307A210C16B100F59639 /* Products */,
				8730F1F2EA802DB150F4BD71 /* Pods */,
				86AA4F53A25E4011589FD1C5 /* Frameworks */,
			);
			sourceTree = "<group>";
		};
		0F0B307A210C16B100F59639 /* Products */ = {
			isa = PBXGroup;
			children = (
				0F0B3079210C16B100F59639 /* BandBPools.app */,
				0F0B308D210C16B200F59639 /* BandBPoolsTests.xctest */,
			);
			name = Products;
			sourceTree = "<group>";
		};
		0F0B307B210C16B100F59639 /* BandBPools */ = {
			isa = PBXGroup;
			children = (
				0F4503D0210D447D00BF296F /* Utilities */,
				0F0B309C210C16D900F59639 /* AppDelegate */,
				0F0B309E210C171000F59639 /* Model */,
				0F0B309D210C16FC00F59639 /* Controller */,
				0F0B30A3210C2BBC00F59639 /* View */,
				0F0B309F210C172700F59639 /* Resources */,
				0F0B30A0210C173300F59639 /* Extensions */,
			);
			path = BandBPools;
			sourceTree = "<group>";
		};
		0F0B3090210C16B200F59639 /* BandBPoolsTests */ = {
			isa = PBXGroup;
			children = (
				0F0B3091210C16B200F59639 /* BandBPoolsTests.swift */,
				0F0B3093210C16B200F59639 /* Info.plist */,
			);
			path = BandBPoolsTests;
			sourceTree = "<group>";
		};
		0F0B309C210C16D900F59639 /* AppDelegate */ = {
			isa = PBXGroup;
			children = (
				0F0B307C210C16B100F59639 /* AppDelegate.swift */,
			);
			name = AppDelegate;
			sourceTree = "<group>";
		};
		0F0B309D210C16FC00F59639 /* Controller */ = {
			isa = PBXGroup;
			children = (
				0F0B307E210C16B100F59639 /* ViewController.swift */,
				0F0B30A1210C2B3600F59639 /* MenuVC.swift */,
				0F35F517210E57A9006C796F /* MainMenuCVVC.swift */,
			);
			name = Controller;
			sourceTree = "<group>";
		};
		0F0B309E210C171000F59639 /* Model */ = {
			isa = PBXGroup;
			children = (
			);
			path = Model;
			sourceTree = "<group>";
		};
		0F0B309F210C172700F59639 /* Resources */ = {
			isa = PBXGroup;
			children = (
				0F0B3083210C16B200F59639 /* Assets.xcassets */,
			);
			name = Resources;
			sourceTree = "<group>";
		};
		0F0B30A0210C173300F59639 /* Extensions */ = {
			isa = PBXGroup;
			children = (
				0F4503C4210C2D5500BF296F /* DropShadow.swift */,
				0F4503C1210C2D5500BF296F /* MaterialView.swift */,
				0F35F515210E4BA5006C796F /* MessageView.swift */,
			);
			path = Extensions;
			sourceTree = "<group>";
		};
		0F0B30A3210C2BBC00F59639 /* View */ = {
			isa = PBXGroup;
			children = (
				0F4503CB210C2D5F00BF296F /* Designables */,
				0F0B3080210C16B100F59639 /* Main.storyboard */,
				0F0B3085210C16B200F59639 /* LaunchScreen.storyboard */,
			);
			name = View;
			sourceTree = "<group>";
		};
		0F4503CB210C2D5F00BF296F /* Designables */ = {
			isa = PBXGroup;
			children = (
				0F4503CC210D324900BF296F /* BorderedTextViews.swift */,
				0F4503C2210C2D5500BF296F /* DesignableButtons.swift */,
				0F4503C3210C2D5500BF296F /* DesignableImageViews.swift */,
				0F4503C0210C2D5500BF296F /* DesignableLabels.swift */,
				0F4503BF210C2D5500BF296F /* DesignableTextViews.swift */,
			);
			name = Designables;
			sourceTree = "<group>";
		};
		0F4503D0210D447D00BF296F /* Utilities */ = {
			isa = PBXGroup;
			children = (
				0F4503CE210D446600BF296F /* GoogleService-Info.plist */,
				0F0B3088210C16B200F59639 /* Info.plist */,
			);
			name = Utilities;
			sourceTree = "<group>";
		};
		86AA4F53A25E4011589FD1C5 /* Frameworks */ = {
			isa = PBXGroup;
			children = (
				3E6110D7CCA4D4AE2DEEBA32 /* Pods_BandBPools.framework */,
				8FB754C51779C757A2D254E7 /* Pods_BandBPoolsTests.framework */,
			);
			name = Frameworks;
			sourceTree = "<group>";
		};
		8730F1F2EA802DB150F4BD71 /* Pods */ = {
			isa = PBXGroup;
			children = (
				8E0EF010579F4223CD41EDCF /* Pods-BandBPools.debug.xcconfig */,
				809CD637D40DB5B4667D7E74 /* Pods-BandBPools.release.xcconfig */,
				22B32BB9345BE65D29C9611E /* Pods-BandBPoolsTests.debug.xcconfig */,
				506C6F2EC9E6FE45CF77C395 /* Pods-BandBPoolsTests.release.xcconfig */,
			);
			name = Pods;
			sourceTree = "<group>";
		};
/* End PBXGroup section */

/* Begin PBXNativeTarget section */
		0F0B3078210C16B100F59639 /* BandBPools */ = {
			isa = PBXNativeTarget;
			buildConfigurationList = 0F0B3096210C16B200F59639 /* Build configuration list for PBXNativeTarget "BandBPools" */;
			buildPhases = (
				0674933083A4F83E9C207312 /* [CP] Check Pods Manifest.lock */,
				0F0B3075210C16B100F59639 /* Sources */,
				0F0B3076210C16B100F59639 /* Frameworks */,
				0F0B3077210C16B100F59639 /* Resources */,
				F3DA938A0BF5A9494BEEC86C /* [CP] Embed Pods Frameworks */,
			);
			buildRules = (
			);
			dependencies = (
			);
			name = BandBPools;
			productName = BandBPools;
			productReference = 0F0B3079210C16B100F59639 /* BandBPools.app */;
			productType = "com.apple.product-type.application";
		};
		0F0B308C210C16B200F59639 /* BandBPoolsTests */ = {
			isa = PBXNativeTarget;
			buildConfigurationList = 0F0B3099210C16B200F59639 /* Build configuration list for PBXNativeTarget "BandBPoolsTests" */;
			buildPhases = (
				4CC8DEFEA04C8F68F50B33C9 /* [CP] Check Pods Manifest.lock */,
				0F0B3089210C16B200F59639 /* Sources */,
				0F0B308A210C16B200F59639 /* Frameworks */,
				0F0B308B210C16B200F59639 /* Resources */,
			);
			buildRules = (
			);
			dependencies = (
				0F0B308F210C16B200F59639 /* PBXTargetDependency */,
			);
			name = BandBPoolsTests;
			productName = BandBPoolsTests;
			productReference = 0F0B308D210C16B200F59639 /* BandBPoolsTests.xctest */;
			productType = "com.apple.product-type.bundle.unit-test";
		};
/* End PBXNativeTarget section */

/* Begin PBXProject section */
		0F0B3071210C16B100F59639 /* Project object */ = {
			isa = PBXProject;
			attributes = {
				LastSwiftUpdateCheck = 0940;
				LastUpgradeCheck = 0940;
				ORGANIZATIONNAME = "Allen Boynton";
				TargetAttributes = {
					0F0B3078210C16B100F59639 = {
						CreatedOnToolsVersion = 9.4.1;
					};
					0F0B308C210C16B200F59639 = {
						CreatedOnToolsVersion = 9.4.1;
						TestTargetID = 0F0B3078210C16B100F59639;
					};
				};
			};
			buildConfigurationList = 0F0B3074210C16B100F59639 /* Build configuration list for PBXProject "BandBPools" */;
			compatibilityVersion = "Xcode 9.3";
			developmentRegion = en;
			hasScannedForEncodings = 0;
			knownRegions = (
				en,
				Base,
			);
			mainGroup = 0F0B3070210C16B100F59639;
			productRefGroup = 0F0B307A210C16B100F59639 /* Products */;
			projectDirPath = "";
			projectRoot = "";
			targets = (
				0F0B3078210C16B100F59639 /* BandBPools */,
				0F0B308C210C16B200F59639 /* BandBPoolsTests */,
			);
		};
/* End PBXProject section */

/* Begin PBXResourcesBuildPhase section */
		0F0B3077210C16B100F59639 /* Resources */ = {
			isa = PBXResourcesBuildPhase;
			buildActionMask = 2147483647;
			files = (
				0F0B3087210C16B200F59639 /* LaunchScreen.storyboard in Resources */,
				0F4503CF210D446600BF296F /* GoogleService-Info.plist in Resources */,
				0F0B3084210C16B200F59639 /* Assets.xcassets in Resources */,
				0FB39387210D928C00A912DB /* Default-568h@2x.png in Resources */,
				0F0B3082210C16B100F59639 /* Main.storyboard in Resources */,
			);
			runOnlyForDeploymentPostprocessing = 0;
		};
		0F0B308B210C16B200F59639 /* Resources */ = {
			isa = PBXResourcesBuildPhase;
			buildActionMask = 2147483647;
			files = (
			);
			runOnlyForDeploymentPostprocessing = 0;
		};
/* End PBXResourcesBuildPhase section */

/* Begin PBXShellScriptBuildPhase section */
		0674933083A4F83E9C207312 /* [CP] Check Pods Manifest.lock */ = {
			isa = PBXShellScriptBuildPhase;
			buildActionMask = 2147483647;
			files = (
			);
			inputPaths = (
				"${PODS_PODFILE_DIR_PATH}/Podfile.lock",
				"${PODS_ROOT}/Manifest.lock",
			);
			name = "[CP] Check Pods Manifest.lock";
			outputPaths = (
				"$(DERIVED_FILE_DIR)/Pods-BandBPools-checkManifestLockResult.txt",
			);
			runOnlyForDeploymentPostprocessing = 0;
			shellPath = /bin/sh;
			shellScript = "diff \"${PODS_PODFILE_DIR_PATH}/Podfile.lock\" \"${PODS_ROOT}/Manifest.lock\" > /dev/null\nif [ $? != 0 ] ; then\n    # print error to STDERR\n    echo \"error: The sandbox is not in sync with the Podfile.lock. Run 'pod install' or update your CocoaPods installation.\" >&2\n    exit 1\nfi\n# This output is used by Xcode 'outputs' to avoid re-running this script phase.\necho \"SUCCESS\" > \"${SCRIPT_OUTPUT_FILE_0}\"\n";
			showEnvVarsInLog = 0;
		};
		4CC8DEFEA04C8F68F50B33C9 /* [CP] Check Pods Manifest.lock */ = {
			isa = PBXShellScriptBuildPhase;
			buildActionMask = 2147483647;
			files = (
			);
			inputPaths = (
				"${PODS_PODFILE_DIR_PATH}/Podfile.lock",
				"${PODS_ROOT}/Manifest.lock",
			);
			name = "[CP] Check Pods Manifest.lock";
			outputPaths = (
				"$(DERIVED_FILE_DIR)/Pods-BandBPoolsTests-checkManifestLockResult.txt",
			);
			runOnlyForDeploymentPostprocessing = 0;
			shellPath = /bin/sh;
			shellScript = "diff \"${PODS_PODFILE_DIR_PATH}/Podfile.lock\" \"${PODS_ROOT}/Manifest.lock\" > /dev/null\nif [ $? != 0 ] ; then\n    # print error to STDERR\n    echo \"error: The sandbox is not in sync with the Podfile.lock. Run 'pod install' or update your CocoaPods installation.\" >&2\n    exit 1\nfi\n# This output is used by Xcode 'outputs' to avoid re-running this script phase.\necho \"SUCCESS\" > \"${SCRIPT_OUTPUT_FILE_0}\"\n";
			showEnvVarsInLog = 0;
		};
		F3DA938A0BF5A9494BEEC86C /* [CP] Embed Pods Frameworks */ = {
			isa = PBXShellScriptBuildPhase;
			buildActionMask = 2147483647;
			files = (
			);
			inputPaths = (
				"${SRCROOT}/Pods/Target Support Files/Pods-BandBPools/Pods-BandBPools-frameworks.sh",
				"${BUILT_PRODUCTS_DIR}/GTMSessionFetcher/GTMSessionFetcher.framework",
				"${BUILT_PRODUCTS_DIR}/GoogleToolboxForMac/GoogleToolboxForMac.framework",
				"${BUILT_PRODUCTS_DIR}/SwiftMessages/SwiftMessages.framework",
				"${BUILT_PRODUCTS_DIR}/leveldb-library/leveldb.framework",
				"${BUILT_PRODUCTS_DIR}/nanopb/nanopb.framework",
			);
			name = "[CP] Embed Pods Frameworks";
			outputPaths = (
				"${TARGET_BUILD_DIR}/${FRAMEWORKS_FOLDER_PATH}/GTMSessionFetcher.framework",
				"${TARGET_BUILD_DIR}/${FRAMEWORKS_FOLDER_PATH}/GoogleToolboxForMac.framework",
				"${TARGET_BUILD_DIR}/${FRAMEWORKS_FOLDER_PATH}/SwiftMessages.framework",
				"${TARGET_BUILD_DIR}/${FRAMEWORKS_FOLDER_PATH}/leveldb.framework",
				"${TARGET_BUILD_DIR}/${FRAMEWORKS_FOLDER_PATH}/nanopb.framework",
			);
			runOnlyForDeploymentPostprocessing = 0;
			shellPath = /bin/sh;
			shellScript = "\"${SRCROOT}/Pods/Target Support Files/Pods-BandBPools/Pods-BandBPools-frameworks.sh\"\n";
			showEnvVarsInLog = 0;
		};
/* End PBXShellScriptBuildPhase section */

/* Begin PBXSourcesBuildPhase section */
		0F0B3075210C16B100F59639 /* Sources */ = {
			isa = PBXSourcesBuildPhase;
			buildActionMask = 2147483647;
			files = (
				0F0B307F210C16B100F59639 /* ViewController.swift in Sources */,
				0F4503C6210C2D5500BF296F /* DesignableLabels.swift in Sources */,
				0F4503C5210C2D5500BF296F /* DesignableTextViews.swift in Sources */,
				0F4503C7210C2D5500BF296F /* MaterialView.swift in Sources */,
				0F4503CD210D324900BF296F /* BorderedTextViews.swift in Sources */,
				0F4503CA210C2D5500BF296F /* DropShadow.swift in Sources */,
				0F35F516210E4BA5006C796F /* MessageView.swift in Sources */,
				0F4503C9210C2D5500BF296F /* DesignableImageViews.swift in Sources */,
				0F0B307D210C16B100F59639 /* AppDelegate.swift in Sources */,
				0F35F518210E57A9006C796F /* MainMenuCVVC.swift in Sources */,
				0F4503C8210C2D5500BF296F /* DesignableButtons.swift in Sources */,
				0F0B30A2210C2B3600F59639 /* MenuVC.swift in Sources */,
			);
			runOnlyForDeploymentPostprocessing = 0;
		};
		0F0B3089210C16B200F59639 /* Sources */ = {
			isa = PBXSourcesBuildPhase;
			buildActionMask = 2147483647;
			files = (
				0F0B3092210C16B200F59639 /* BandBPoolsTests.swift in Sources */,
			);
			runOnlyForDeploymentPostprocessing = 0;
		};
/* End PBXSourcesBuildPhase section */

/* Begin PBXTargetDependency section */
		0F0B308F210C16B200F59639 /* PBXTargetDependency */ = {
			isa = PBXTargetDependency;
			target = 0F0B3078210C16B100F59639 /* BandBPools */;
			targetProxy = 0F0B308E210C16B200F59639 /* PBXContainerItemProxy */;
		};
/* End PBXTargetDependency section */

/* Begin PBXVariantGroup section */
		0F0B3080210C16B100F59639 /* Main.storyboard */ = {
			isa = PBXVariantGroup;
			children = (
				0F0B3081210C16B100F59639 /* Base */,
			);
			name = Main.storyboard;
			sourceTree = "<group>";
		};
		0F0B3085210C16B200F59639 /* LaunchScreen.storyboard */ = {
			isa = PBXVariantGroup;
			children = (
				0F0B3086210C16B200F59639 /* Base */,
			);
			name = LaunchScreen.storyboard;
			sourceTree = "<group>";
		};
/* End PBXVariantGroup section */

/* Begin XCBuildConfiguration section */
		0F0B3094210C16B200F59639 /* Debug */ = {
			isa = XCBuildConfiguration;
			buildSettings = {
				ALWAYS_SEARCH_USER_PATHS = NO;
				CLANG_ANALYZER_NONNULL = YES;
				CLANG_ANALYZER_NUMBER_OBJECT_CONVERSION = YES_AGGRESSIVE;
				CLANG_CXX_LANGUAGE_STANDARD = "gnu++14";
				CLANG_CXX_LIBRARY = "libc++";
				CLANG_ENABLE_MODULES = YES;
				CLANG_ENABLE_OBJC_ARC = YES;
				CLANG_ENABLE_OBJC_WEAK = YES;
				CLANG_WARN_BLOCK_CAPTURE_AUTORELEASING = YES;
				CLANG_WARN_BOOL_CONVERSION = YES;
				CLANG_WARN_COMMA = YES;
				CLANG_WARN_CONSTANT_CONVERSION = YES;
				CLANG_WARN_DEPRECATED_OBJC_IMPLEMENTATIONS = YES;
				CLANG_WARN_DIRECT_OBJC_ISA_USAGE = YES_ERROR;
				CLANG_WARN_DOCUMENTATION_COMMENTS = YES;
				CLANG_WARN_EMPTY_BODY = YES;
				CLANG_WARN_ENUM_CONVERSION = YES;
				CLANG_WARN_INFINITE_RECURSION = YES;
				CLANG_WARN_INT_CONVERSION = YES;
				CLANG_WARN_NON_LITERAL_NULL_CONVERSION = YES;
				CLANG_WARN_OBJC_IMPLICIT_RETAIN_SELF = YES;
				CLANG_WARN_OBJC_LITERAL_CONVERSION = YES;
				CLANG_WARN_OBJC_ROOT_CLASS = YES_ERROR;
				CLANG_WARN_RANGE_LOOP_ANALYSIS = YES;
				CLANG_WARN_STRICT_PROTOTYPES = YES;
				CLANG_WARN_SUSPICIOUS_MOVE = YES;
				CLANG_WARN_UNGUARDED_AVAILABILITY = YES_AGGRESSIVE;
				CLANG_WARN_UNREACHABLE_CODE = YES;
				CLANG_WARN__DUPLICATE_METHOD_MATCH = YES;
				CODE_SIGN_IDENTITY = "iPhone Developer";
				COPY_PHASE_STRIP = NO;
				DEBUG_INFORMATION_FORMAT = dwarf;
				ENABLE_STRICT_OBJC_MSGSEND = YES;
				ENABLE_TESTABILITY = YES;
				GCC_C_LANGUAGE_STANDARD = gnu11;
				GCC_DYNAMIC_NO_PIC = NO;
				GCC_NO_COMMON_BLOCKS = YES;
				GCC_OPTIMIZATION_LEVEL = 0;
				GCC_PREPROCESSOR_DEFINITIONS = (
					"DEBUG=1",
					"$(inherited)",
				);
				GCC_WARN_64_TO_32_BIT_CONVERSION = YES;
				GCC_WARN_ABOUT_RETURN_TYPE = YES_ERROR;
				GCC_WARN_UNDECLARED_SELECTOR = YES;
				GCC_WARN_UNINITIALIZED_AUTOS = YES_AGGRESSIVE;
				GCC_WARN_UNUSED_FUNCTION = YES;
				GCC_WARN_UNUSED_VARIABLE = YES;
				IPHONEOS_DEPLOYMENT_TARGET = 11.4;
				MTL_ENABLE_DEBUG_INFO = YES;
				ONLY_ACTIVE_ARCH = YES;
				SDKROOT = iphoneos;
				SWIFT_ACTIVE_COMPILATION_CONDITIONS = DEBUG;
				SWIFT_OPTIMIZATION_LEVEL = "-Onone";
			};
			name = Debug;
		};
		0F0B3095210C16B200F59639 /* Release */ = {
			isa = XCBuildConfiguration;
			buildSettings = {
				ALWAYS_SEARCH_USER_PATHS = NO;
				CLANG_ANALYZER_NONNULL = YES;
				CLANG_ANALYZER_NUMBER_OBJECT_CONVERSION = YES_AGGRESSIVE;
				CLANG_CXX_LANGUAGE_STANDARD = "gnu++14";
				CLANG_CXX_LIBRARY = "libc++";
				CLANG_ENABLE_MODULES = YES;
				CLANG_ENABLE_OBJC_ARC = YES;
				CLANG_ENABLE_OBJC_WEAK = YES;
				CLANG_WARN_BLOCK_CAPTURE_AUTORELEASING = YES;
				CLANG_WARN_BOOL_CONVERSION = YES;
				CLANG_WARN_COMMA = YES;
				CLANG_WARN_CONSTANT_CONVERSION = YES;
				CLANG_WARN_DEPRECATED_OBJC_IMPLEMENTATIONS = YES;
				CLANG_WARN_DIRECT_OBJC_ISA_USAGE = YES_ERROR;
				CLANG_WARN_DOCUMENTATION_COMMENTS = YES;
				CLANG_WARN_EMPTY_BODY = YES;
				CLANG_WARN_ENUM_CONVERSION = YES;
				CLANG_WARN_INFINITE_RECURSION = YES;
				CLANG_WARN_INT_CONVERSION = YES;
				CLANG_WARN_NON_LITERAL_NULL_CONVERSION = YES;
				CLANG_WARN_OBJC_IMPLICIT_RETAIN_SELF = YES;
				CLANG_WARN_OBJC_LITERAL_CONVERSION = YES;
				CLANG_WARN_OBJC_ROOT_CLASS = YES_ERROR;
				CLANG_WARN_RANGE_LOOP_ANALYSIS = YES;
				CLANG_WARN_STRICT_PROTOTYPES = YES;
				CLANG_WARN_SUSPICIOUS_MOVE = YES;
				CLANG_WARN_UNGUARDED_AVAILABILITY = YES_AGGRESSIVE;
				CLANG_WARN_UNREACHABLE_CODE = YES;
				CLANG_WARN__DUPLICATE_METHOD_MATCH = YES;
				CODE_SIGN_IDENTITY = "iPhone Developer";
				COPY_PHASE_STRIP = NO;
				DEBUG_INFORMATION_FORMAT = "dwarf-with-dsym";
				ENABLE_NS_ASSERTIONS = NO;
				ENABLE_STRICT_OBJC_MSGSEND = YES;
				GCC_C_LANGUAGE_STANDARD = gnu11;
				GCC_NO_COMMON_BLOCKS = YES;
				GCC_WARN_64_TO_32_BIT_CONVERSION = YES;
				GCC_WARN_ABOUT_RETURN_TYPE = YES_ERROR;
				GCC_WARN_UNDECLARED_SELECTOR = YES;
				GCC_WARN_UNINITIALIZED_AUTOS = YES_AGGRESSIVE;
				GCC_WARN_UNUSED_FUNCTION = YES;
				GCC_WARN_UNUSED_VARIABLE = YES;
				IPHONEOS_DEPLOYMENT_TARGET = 11.4;
				MTL_ENABLE_DEBUG_INFO = NO;
				SDKROOT = iphoneos;
				SWIFT_COMPILATION_MODE = wholemodule;
				SWIFT_OPTIMIZATION_LEVEL = "-O";
				VALIDATE_PRODUCT = YES;
			};
			name = Release;
		};
		0F0B3097210C16B200F59639 /* Debug */ = {
			isa = XCBuildConfiguration;
			baseConfigurationReference = 8E0EF010579F4223CD41EDCF /* Pods-BandBPools.debug.xcconfig */;
			buildSettings = {
				ASSETCATALOG_COMPILER_APPICON_NAME = AppIcon;
				CODE_SIGN_STYLE = Automatic;
				DEVELOPMENT_TEAM = 979TTQWNS8;
				INFOPLIST_FILE = BandBPools/Info.plist;
				LD_RUNPATH_SEARCH_PATHS = (
					"$(inherited)",
					"@executable_path/Frameworks",
				);
				PRODUCT_BUNDLE_IDENTIFIER = com.alsmobileapps.BandBPools;
				PRODUCT_NAME = "$(TARGET_NAME)";
				SWIFT_VERSION = 4.0;
				TARGETED_DEVICE_FAMILY = "1,2";
			};
			name = Debug;
		};
		0F0B3098210C16B200F59639 /* Release */ = {
			isa = XCBuildConfiguration;
			baseConfigurationReference = 809CD637D40DB5B4667D7E74 /* Pods-BandBPools.release.xcconfig */;
			buildSettings = {
				ASSETCATALOG_COMPILER_APPICON_NAME = AppIcon;
				CODE_SIGN_STYLE = Automatic;
				DEVELOPMENT_TEAM = 979TTQWNS8;
				INFOPLIST_FILE = BandBPools/Info.plist;
				LD_RUNPATH_SEARCH_PATHS = (
					"$(inherited)",
					"@executable_path/Frameworks",
				);
				PRODUCT_BUNDLE_IDENTIFIER = com.alsmobileapps.BandBPools;
				PRODUCT_NAME = "$(TARGET_NAME)";
				SWIFT_VERSION = 4.0;
				TARGETED_DEVICE_FAMILY = "1,2";
			};
			name = Release;
		};
		0F0B309A210C16B200F59639 /* Debug */ = {
			isa = XCBuildConfiguration;
			baseConfigurationReference = 22B32BB9345BE65D29C9611E /* Pods-BandBPoolsTests.debug.xcconfig */;
			buildSettings = {
				ALWAYS_EMBED_SWIFT_STANDARD_LIBRARIES = YES;
				BUNDLE_LOADER = "$(TEST_HOST)";
				CODE_SIGN_STYLE = Automatic;
				DEVELOPMENT_TEAM = 979TTQWNS8;
				INFOPLIST_FILE = BandBPoolsTests/Info.plist;
				LD_RUNPATH_SEARCH_PATHS = (
					"$(inherited)",
					"@executable_path/Frameworks",
					"@loader_path/Frameworks",
				);
				PRODUCT_BUNDLE_IDENTIFIER = com.alsmobileapps.BandBPoolsTests;
				PRODUCT_NAME = "$(TARGET_NAME)";
				SWIFT_VERSION = 4.0;
				TARGETED_DEVICE_FAMILY = "1,2";
				TEST_HOST = "$(BUILT_PRODUCTS_DIR)/BandBPools.app/BandBPools";
			};
			name = Debug;
		};
		0F0B309B210C16B200F59639 /* Release */ = {
			isa = XCBuildConfiguration;
			baseConfigurationReference = 506C6F2EC9E6FE45CF77C395 /* Pods-BandBPoolsTests.release.xcconfig */;
			buildSettings = {
				ALWAYS_EMBED_SWIFT_STANDARD_LIBRARIES = YES;
				BUNDLE_LOADER = "$(TEST_HOST)";
				CODE_SIGN_STYLE = Automatic;
				DEVELOPMENT_TEAM = 979TTQWNS8;
				INFOPLIST_FILE = BandBPoolsTests/Info.plist;
				LD_RUNPATH_SEARCH_PATHS = (
					"$(inherited)",
					"@executable_path/Frameworks",
					"@loader_path/Frameworks",
				);
				PRODUCT_BUNDLE_IDENTIFIER = com.alsmobileapps.BandBPoolsTests;
				PRODUCT_NAME = "$(TARGET_NAME)";
				SWIFT_VERSION = 4.0;
				TARGETED_DEVICE_FAMILY = "1,2";
				TEST_HOST = "$(BUILT_PRODUCTS_DIR)/BandBPools.app/BandBPools";
			};
			name = Release;
		};
/* End XCBuildConfiguration section */

/* Begin XCConfigurationList section */
		0F0B3074210C16B100F59639 /* Build configuration list for PBXProject "BandBPools" */ = {
			isa = XCConfigurationList;
			buildConfigurations = (
				0F0B3094210C16B200F59639 /* Debug */,
				0F0B3095210C16B200F59639 /* Release */,
			);
			defaultConfigurationIsVisible = 0;
			defaultConfigurationName = Release;
		};
		0F0B3096210C16B200F59639 /* Build configuration list for PBXNativeTarget "BandBPools" */ = {
			isa = XCConfigurationList;
			buildConfigurations = (
				0F0B3097210C16B200F59639 /* Debug */,
				0F0B3098210C16B200F59639 /* Release */,
			);
			defaultConfigurationIsVisible = 0;
			defaultConfigurationName = Release;
		};
		0F0B3099210C16B200F59639 /* Build configuration list for PBXNativeTarget "BandBPoolsTests" */ = {
			isa = XCConfigurationList;
			buildConfigurations = (
				0F0B309A210C16B200F59639 /* Debug */,
				0F0B309B210C16B200F59639 /* Release */,
			);
			defaultConfigurationIsVisible = 0;
			defaultConfigurationName = Release;
		};
/* End XCConfigurationList section */
	};
	rootObject = 0F0B3071210C16B100F59639 /* Project object */;
}
